
Microsoft Visual Studio Solution File, Format Version 12.00
# Visual Studio 14
VisualStudioVersion = 14.0.24720.0
MinimumVisualStudioVersion = 10.0.40219.1
Project("{FAE04EC0-301F-11D3-BF4B-00C04F79EFBC}") = "Guanghui.OA.Webapp", "Guanghui.OA.Webapp\Guanghui.OA.Webapp.csproj", "{3EABD312-71E6-4D44-9237-7C307B1F7AE0}"
EndProject
Project("{2150E333-8FDC-42A3-9474-1A3956D46DE8}") = "DAL", "DAL", "{E770C726-8A37-40C7-AC36-78EEE93641DD}"
EndProject
Project("{FAE04EC0-301F-11D3-BF4B-00C04F79EFBC}") = "Guanghui.OA.IDAL", "Guanghui.OA.IDAL\Guanghui.OA.IDAL.csproj", "{3DCFD393-1E37-453A-9198-70DAEAD7FEB2}"
EndProject
Project("{2150E333-8FDC-42A3-9474-1A3956D46DE8}") = "Model", "Model", "{A172BBF5-7FE0-43AA-ABD8-5071E0E73031}"
EndProject
Project("{2150E333-8FDC-42A3-9474-1A3956D46DE8}") = "BLL", "BLL", "{176970A4-319E-4474-AB4C-E1AAF3943429}"
EndProject
Project("{FAE04EC0-301F-11D3-BF4B-00C04F79EFBC}") = "Guanghui.OA.EFDAL", "Guanghui.OA.EFDAL\Guanghui.OA.EFDAL.csproj", "{63A470ED-E6FE-4618-A917-8F45FC9D7181}"
EndProject
Project("{FAE04EC0-301F-11D3-BF4B-00C04F79EFBC}") = "Guanghui.OA.DALFactory", "Guanghui.OA.DALFactory\Guanghui.OA.DALFactory.csproj", "{40C7DC40-CC08-4E64-BF5C-33A631EE76D3}"
EndProject
Project("{FAE04EC0-301F-11D3-BF4B-00C04F79EFBC}") = "Guanghui.OA.AdonetDAL", "Guanghui.OA.AdonetDAL\Guanghui.OA.AdonetDAL.csproj", "{6FC1381C-0490-4729-B575-4AB5C1CDDBAF}"
EndProject
Project("{FAE04EC0-301F-11D3-BF4B-00C04F79EFBC}") = "Guanghui.OA.NhibernateDAL", "Guanghui.OA.NhibernateDAL\Guanghui.OA.NhibernateDAL.csproj", "{7436E603-F678-4C4D-8C78-326DDA2331E5}"
EndProject
Project("{FAE04EC0-301F-11D3-BF4B-00C04F79EFBC}") = "Guanghui.OA.BLL", "Guanghui.OA.BLL\Guanghui.OA.BLL.csproj", "{EEB7BEB7-CB5B-467A-83E0-31D968A947F4}"
EndProject
Project("{FAE04EC0-301F-11D3-BF4B-00C04F79EFBC}") = "Guanghui.OA.IBLL", "Guanghui.OA.IBLL\Guanghui.OA.IBLL.csproj", "{21C0A447-F1C2-4D73-8A44-B26C8DC32470}"
EndProject
Project("{FAE04EC0-301F-11D3-BF4B-00C04F79EFBC}") = "Guanghui.OA.Model", "Guanghui.OA.Model\Guanghui.OA.Model.csproj", "{F11F1B7D-8926-4C54-BB83-FD30CC665BBF}"
EndProject
Project("{2150E333-8FDC-42A3-9474-1A3956D46DE8}") = "Common", "Common", "{B1837F63-58FE-4FCC-ABE1-E70AF7FFA7D2}"
EndProject
Project("{FAE04EC0-301F-11D3-BF4B-00C04F79EFBC}") = "Guanghui.OA.Common", "Guanghui.OA.Common\Guanghui.OA.Common.csproj", "{787DC6A5-042F-4D5B-AE5B-968B89BD2AE0}"
EndProject
Project("{2150E333-8FDC-42A3-9474-1A3956D46DE8}") = "Test", "Test", "{62216915-74B0-4C06-A22B-9E3F16C51E7A}"
EndProject
Project("{FAE04EC0-301F-11D3-BF4B-00C04F79EFBC}") = "Guanghui.OA.UnitTest", "Guanghui.OA.UnitTest\Guanghui.OA.UnitTest.csproj", "{339DB37E-9DC8-4D09-8B1B-1F98A6BBF138}"
EndProject
Project("{2150E333-8FDC-42A3-9474-1A3956D46DE8}") = "UI", "UI", "{4C369379-32A7-4F64-A18E-964AF10F13A7}"
EndProject
Project("{FAE04EC0-301F-11D3-BF4B-00C04F79EFBC}") = "Guanghui.OA.Api", "Guanghui.OA.Api\Guanghui.OA.Api.csproj", "{FD293CC0-3709-400E-9F67-EAAAF3B58A3A}"
EndProject
Project("{2150E333-8FDC-42A3-9474-1A3956D46DE8}") = "API", "API", "{ECE05485-4516-4B7B-9561-F7F461F992CE}"
EndProject
Global
	GlobalSection(SolutionConfigurationPlatforms) = preSolution
		Debug|Any CPU = Debug|Any CPU
		Release|Any CPU = Release|Any CPU
	EndGlobalSection
	GlobalSection(ProjectConfigurationPlatforms) = postSolution
		{3EABD312-71E6-4D44-9237-7C307B1F7AE0}.Debug|Any CPU.ActiveCfg = Debug|Any CPU
		{3EABD312-71E6-4D44-9237-7C307B1F7AE0}.Debug|Any CPU.Build.0 = Debug|Any CPU
		{3EABD312-71E6-4D44-9237-7C307B1F7AE0}.Release|Any CPU.ActiveCfg = Release|Any CPU
		{3EABD312-71E6-4D44-9237-7C307B1F7AE0}.Release|Any CPU.Build.0 = Release|Any CPU
		{3DCFD393-1E37-453A-9198-70DAEAD7FEB2}.Debug|Any CPU.ActiveCfg = Debug|Any CPU
		{3DCFD393-1E37-453A-9198-70DAEAD7FEB2}.Debug|Any CPU.Build.0 = Debug|Any CPU
		{3DCFD393-1E37-453A-9198-70DAEAD7FEB2}.Release|Any CPU.ActiveCfg = Release|Any CPU
		{3DCFD393-1E37-453A-9198-70DAEAD7FEB2}.Release|Any CPU.Build.0 = Release|Any CPU
		{63A470ED-E6FE-4618-A917-8F45FC9D7181}.Debug|Any CPU.ActiveCfg = Debug|Any CPU
		{63A470ED-E6FE-4618-A917-8F45FC9D7181}.Debug|Any CPU.Build.0 = Debug|Any CPU
		{63A470ED-E6FE-4618-A917-8F45FC9D7181}.Release|Any CPU.ActiveCfg = Release|Any CPU
		{63A470ED-E6FE-4618-A917-8F45FC9D7181}.Release|Any CPU.Build.0 = Release|Any CPU
		{40C7DC40-CC08-4E64-BF5C-33A631EE76D3}.Debug|Any CPU.ActiveCfg = Debug|Any CPU
		{40C7DC40-CC08-4E64-BF5C-33A631EE76D3}.Debug|Any CPU.Build.0 = Debug|Any CPU
		{40C7DC40-CC08-4E64-BF5C-33A631EE76D3}.Release|Any CPU.ActiveCfg = Release|Any CPU
		{40C7DC40-CC08-4E64-BF5C-33A631EE76D3}.Release|Any CPU.Build.0 = Release|Any CPU
		{6FC1381C-0490-4729-B575-4AB5C1CDDBAF}.Debug|Any CPU.ActiveCfg = Debug|Any CPU
		{6FC1381C-0490-4729-B575-4AB5C1CDDBAF}.Debug|Any CPU.Build.0 = Debug|Any CPU
		{6FC1381C-0490-4729-B575-4AB5C1CDDBAF}.Release|Any CPU.ActiveCfg = Release|Any CPU
		{6FC1381C-0490-4729-B575-4AB5C1CDDBAF}.Release|Any CPU.Build.0 = Release|Any CPU
		{7436E603-F678-4C4D-8C78-326DDA2331E5}.Debug|Any CPU.ActiveCfg = Debug|Any CPU
		{7436E603-F678-4C4D-8C78-326DDA2331E5}.Debug|Any CPU.Build.0 = Debug|Any CPU
		{7436E603-F678-4C4D-8C78-326DDA2331E5}.Release|Any CPU.ActiveCfg = Release|Any CPU
		{7436E603-F678-4C4D-8C78-326DDA2331E5}.Release|Any CPU.Build.0 = Release|Any CPU
		{EEB7BEB7-CB5B-467A-83E0-31D968A947F4}.Debug|Any CPU.ActiveCfg = Debug|Any CPU
		{EEB7BEB7-CB5B-467A-83E0-31D968A947F4}.Debug|Any CPU.Build.0 = Debug|Any CPU
		{EEB7BEB7-CB5B-467A-83E0-31D968A947F4}.Release|Any CPU.ActiveCfg = Release|Any CPU
		{EEB7BEB7-CB5B-467A-83E0-31D968A947F4}.Release|Any CPU.Build.0 = Release|Any CPU
		{21C0A447-F1C2-4D73-8A44-B26C8DC32470}.Debug|Any CPU.ActiveCfg = Debug|Any CPU
		{21C0A447-F1C2-4D73-8A44-B26C8DC32470}.Debug|Any CPU.Build.0 = Debug|Any CPU
		{21C0A447-F1C2-4D73-8A44-B26C8DC32470}.Release|Any CPU.ActiveCfg = Release|Any CPU
		{21C0A447-F1C2-4D73-8A44-B26C8DC32470}.Release|Any CPU.Build.0 = Release|Any CPU
		{F11F1B7D-8926-4C54-BB83-FD30CC665BBF}.Debug|Any CPU.ActiveCfg = Debug|Any CPU
		{F11F1B7D-8926-4C54-BB83-FD30CC665BBF}.Debug|Any CPU.Build.0 = Debug|Any CPU
		{F11F1B7D-8926-4C54-BB83-FD30CC665BBF}.Release|Any CPU.ActiveCfg = Release|Any CPU
		{F11F1B7D-8926-4C54-BB83-FD30CC665BBF}.Release|Any CPU.Build.0 = Release|Any CPU
		{787DC6A5-042F-4D5B-AE5B-968B89BD2AE0}.Debug|Any CPU.ActiveCfg = Debug|Any CPU
		{787DC6A5-042F-4D5B-AE5B-968B89BD2AE0}.Debug|Any CPU.Build.0 = Debug|Any CPU
		{787DC6A5-042F-4D5B-AE5B-968B89BD2AE0}.Release|Any CPU.ActiveCfg = Release|Any CPU
		{787DC6A5-042F-4D5B-AE5B-968B89BD2AE0}.Release|Any CPU.Build.0 = Release|Any CPU
		{339DB37E-9DC8-4D09-8B1B-1F98A6BBF138}.Debug|Any CPU.ActiveCfg = Debug|Any CPU
		{339DB37E-9DC8-4D09-8B1B-1F98A6BBF138}.Debug|Any CPU.Build.0 = Debug|Any CPU
		{339DB37E-9DC8-4D09-8B1B-1F98A6BBF138}.Release|Any CPU.ActiveCfg = Release|Any CPU
		{339DB37E-9DC8-4D09-8B1B-1F98A6BBF138}.Release|Any CPU.Build.0 = Release|Any CPU
		{FD293CC0-3709-400E-9F67-EAAAF3B58A3A}.Debug|Any CPU.ActiveCfg = Debug|Any CPU
		{FD293CC0-3709-400E-9F67-EAAAF3B58A3A}.Debug|Any CPU.Build.0 = Debug|Any CPU
		{FD293CC0-3709-400E-9F67-EAAAF3B58A3A}.Release|Any CPU.ActiveCfg = Release|Any CPU
		{FD293CC0-3709-400E-9F67-EAAAF3B58A3A}.Release|Any CPU.Build.0 = Release|Any CPU
	EndGlobalSection
	GlobalSection(SolutionProperties) = preSolution
		HideSolutionNode = FALSE
	EndGlobalSection
	GlobalSection(NestedProjects) = preSolution
		{3EABD312-71E6-4D44-9237-7C307B1F7AE0} = {4C369379-32A7-4F64-A18E-964AF10F13A7}
		{3DCFD393-1E37-453A-9198-70DAEAD7FEB2} = {E770C726-8A37-40C7-AC36-78EEE93641DD}
		{63A470ED-E6FE-4618-A917-8F45FC9D7181} = {E770C726-8A37-40C7-AC36-78EEE93641DD}
		{40C7DC40-CC08-4E64-BF5C-33A631EE76D3} = {E770C726-8A37-40C7-AC36-78EEE93641DD}
		{6FC1381C-0490-4729-B575-4AB5C1CDDBAF} = {E770C726-8A37-40C7-AC36-78EEE93641DD}
		{7436E603-F678-4C4D-8C78-326DDA2331E5} = {E770C726-8A37-40C7-AC36-78EEE93641DD}
		{EEB7BEB7-CB5B-467A-83E0-31D968A947F4} = {176970A4-319E-4474-AB4C-E1AAF3943429}
		{21C0A447-F1C2-4D73-8A44-B26C8DC32470} = {176970A4-319E-4474-AB4C-E1AAF3943429}
		{F11F1B7D-8926-4C54-BB83-FD30CC665BBF} = {A172BBF5-7FE0-43AA-ABD8-5071E0E73031}
		{787DC6A5-042F-4D5B-AE5B-968B89BD2AE0} = {B1837F63-58FE-4FCC-ABE1-E70AF7FFA7D2}
		{339DB37E-9DC8-4D09-8B1B-1F98A6BBF138} = {62216915-74B0-4C06-A22B-9E3F16C51E7A}
		{FD293CC0-3709-400E-9F67-EAAAF3B58A3A} = {ECE05485-4516-4B7B-9561-F7F461F992CE}
	EndGlobalSection
EndGlobal
